
Microsoft Visual Studio Solution File, Format Version 12.00
# Visual Studio 14
VisualStudioVersion = 14.0.23107.0
MinimumVisualStudioVersion = 10.0.40219.1
Project("{FAE04EC0-301F-11D3-BF4B-00C04F79EFBC}") = "Assignment", "Assignment\Assignment.csproj", "{105E3596-7585-45C7-B2EA-CB84F85B6BFF}"
EndProject
Project("{FAE04EC0-301F-11D3-BF4B-00C04F79EFBC}") = "BusinessLogic", "BusinessLogic\BusinessLogic.csproj", "{CD399E6F-6954-4DFA-8E6E-55535722449E}"
EndProject
Project("{FAE04EC0-301F-11D3-BF4B-00C04F79EFBC}") = "Common", "Common\Common.csproj", "{BB0992FA-ACD5-4CC2-B862-C4C6561FACD0}"
EndProject
Project("{FAE04EC0-301F-11D3-BF4B-00C04F79EFBC}") = "DataAccess", "DataAccess\DataAccess.csproj", "{E29AF22C-5AA1-4331-B544-164518E8258D}"
EndProject
Global
	GlobalSection(SolutionConfigurationPlatforms) = preSolution
		Debug|Any CPU = Debug|Any CPU
		Release|Any CPU = Release|Any CPU
	EndGlobalSection
	GlobalSection(ProjectConfigurationPlatforms) = postSolution
		{105E3596-7585-45C7-B2EA-CB84F85B6BFF}.Debug|Any CPU.ActiveCfg = Debug|Any CPU
		{105E3596-7585-45C7-B2EA-CB84F85B6BFF}.Debug|Any CPU.Build.0 = Debug|Any CPU
		{105E3596-7585-45C7-B2EA-CB84F85B6BFF}.Release|Any CPU.ActiveCfg = Release|Any CPU
		{105E3596-7585-45C7-B2EA-CB84F85B6BFF}.Release|Any CPU.Build.0 = Release|Any CPU
		{CD399E6F-6954-4DFA-8E6E-55535722449E}.Debug|Any CPU.ActiveCfg = Debug|Any CPU
		{CD399E6F-6954-4DFA-8E6E-55535722449E}.Debug|Any CPU.Build.0 = Debug|Any CPU
		{CD399E6F-6954-4DFA-8E6E-55535722449E}.Release|Any CPU.ActiveCfg = Release|Any CPU
		{CD399E6F-6954-4DFA-8E6E-55535722449E}.Release|Any CPU.Build.0 = Release|Any CPU
		{BB0992FA-ACD5-4CC2-B862-C4C6561FACD0}.Debug|Any CPU.ActiveCfg = Debug|Any CPU
		{BB0992FA-ACD5-4CC2-B862-C4C6561FACD0}.Debug|Any CPU.Build.0 = Debug|Any CPU
		{BB0992FA-ACD5-4CC2-B862-C4C6561FACD0}.Release|Any CPU.ActiveCfg = Release|Any CPU
		{BB0992FA-ACD5-4CC2-B862-C4C6561FACD0}.Release|Any CPU.Build.0 = Release|Any CPU
		{E29AF22C-5AA1-4331-B544-164518E8258D}.Debug|Any CPU.ActiveCfg = Debug|Any CPU
		{E29AF22C-5AA1-4331-B544-164518E8258D}.Debug|Any CPU.Build.0 = Debug|Any CPU
		{E29AF22C-5AA1-4331-B544-164518E8258D}.Release|Any CPU.ActiveCfg = Release|Any CPU
		{E29AF22C-5AA1-4331-B544-164518E8258D}.Release|Any CPU.Build.0 = Release|Any CPU
	EndGlobalSection
	GlobalSection(SolutionProperties) = preSolution
		HideSolutionNode = FALSE
	EndGlobalSection
EndGlobal
